# This file is automatically @generated by Cargo.
# It is not intended for manual editing.
version = 3

[[package]]
name = "arrays"
version = "0.1.1"
source = "registry+https://github.com/rust-lang/crates.io-index"
checksum = "2dbdbb2877d26e0647c6b8125802b2ecf2dc2a28d864dde41e6f9b9a54da08fe"

[[package]]
name = "day_03"
version = "0.1.0"
dependencies = [
 "iterchunks",
]

[[package]]
name = "iterchunks"
version = "0.3.0"
source = "registry+https://github.com/rust-lang/crates.io-index"
checksum = "ceb61464343bc874be283540bf6bb148d6e5b61023bc5acbb9f969b56c806780"
dependencies = [
 "arrays",
]
